// !$*UTF8*$!
{
	archiveVersion = 1;
	classes = {
	};
	objectVersion = 46;
	objects = {

/* Begin PBXBuildFile section */
		1E4477A61E72FD2F00A71DCC /* LabelCell.swift in Sources */ = {isa = PBXBuildFile; fileRef = 1E4477A51E72FD2F00A71DCC /* LabelCell.swift */; };
		1EF81C761E68600900D4D524 /* AppDelegate.swift in Sources */ = {isa = PBXBuildFile; fileRef = 1EF81C751E68600900D4D524 /* AppDelegate.swift */; };
		1EF81C781E68600900D4D524 /* ViewController.swift in Sources */ = {isa = PBXBuildFile; fileRef = 1EF81C771E68600900D4D524 /* ViewController.swift */; };
		1EF81C7B1E68600900D4D524 /* Main.storyboard in Resources */ = {isa = PBXBuildFile; fileRef = 1EF81C791E68600900D4D524 /* Main.storyboard */; };
		1EF81C7D1E68600900D4D524 /* Assets.xcassets in Resources */ = {isa = PBXBuildFile; fileRef = 1EF81C7C1E68600900D4D524 /* Assets.xcassets */; };
		1EF81C801E68600900D4D524 /* LaunchScreen.storyboard in Resources */ = {isa = PBXBuildFile; fileRef = 1EF81C7E1E68600900D4D524 /* LaunchScreen.storyboard */; };
		1EF81C881E6862D000D4D524 /* RevolveCollectionView.swift in Sources */ = {isa = PBXBuildFile; fileRef = 1EF81C871E6862D000D4D524 /* RevolveCollectionView.swift */; };
		1EF81C8A1E68706600D4D524 /* CollectionRevolver.swift in Sources */ = {isa = PBXBuildFile; fileRef = 1EF81C891E68706600D4D524 /* CollectionRevolver.swift */; };
/* End PBXBuildFile section */

/* Begin PBXFileReference section */
		1E4477A51E72FD2F00A71DCC /* LabelCell.swift */ = {isa = PBXFileReference; fileEncoding = 4; lastKnownFileType = sourcecode.swift; path = LabelCell.swift; sourceTree = "<group>"; };
		1EF81C721E68600900D4D524 /* RevolveCollection.app */ = {isa = PBXFileReference; explicitFileType = wrapper.application; includeInIndex = 0; path = RevolveCollection.app; sourceTree = BUILT_PRODUCTS_DIR; };
		1EF81C751E68600900D4D524 /* AppDelegate.swift */ = {isa = PBXFileReference; lastKnownFileType = sourcecode.swift; path = AppDelegate.swift; sourceTree = "<group>"; };
		1EF81C771E68600900D4D524 /* ViewController.swift */ = {isa = PBXFileReference; lastKnownFileType = sourcecode.swift; path = ViewController.swift; sourceTree = "<group>"; };
		1EF81C7A1E68600900D4D524 /* Base */ = {isa = PBXFileReference; lastKnownFileType = file.storyboard; name = Base; path = Base.lproj/Main.storyboard; sourceTree = "<group>"; };
		1EF81C7C1E68600900D4D524 /* Assets.xcassets */ = {isa = PBXFileReference; lastKnownFileType = folder.assetcatalog; path = Assets.xcassets; sourceTree = "<group>"; };
		1EF81C7F1E68600900D4D524 /* Base */ = {isa = PBXFileReference; lastKnownFileType = file.storyboard; name = Base; path = Base.lproj/LaunchScreen.storyboard; sourceTree = "<group>"; };
		1EF81C811E68600900D4D524 /* Info.plist */ = {isa = PBXFileReference; lastKnownFileType = text.plist.xml; path = Info.plist; sourceTree = "<group>"; };
		1EF81C871E6862D000D4D524 /* RevolveCollectionView.swift */ = {isa = PBXFileReference; fileEncoding = 4; lastKnownFileType = sourcecode.swift; path = RevolveCollectionView.swift; sourceTree = "<group>"; };
		1EF81C891E68706600D4D524 /* CollectionRevolver.swift */ = {isa = PBXFileReference; fileEncoding = 4; lastKnownFileType = sourcecode.swift; path = CollectionRevolver.swift; sourceTree = "<group>"; };
/* End PBXFileReference section */

/* Begin PBXFrameworksBuildPhase section */
		1EF81C6F1E68600900D4D524 /* Frameworks */ = {
			isa = PBXFrameworksBuildPhase;
			buildActionMask = 2147483647;
			files = (
			);
			runOnlyForDeploymentPostprocessing = 0;
		};
/* End PBXFrameworksBuildPhase section */

/* Begin PBXGroup section */
		1EF81C691E68600900D4D524 = {
			isa = PBXGroup;
			children = (
				1EF81C741E68600900D4D524 /* RevolveCollection */,
				1EF81C731E68600900D4D524 /* Products */,
			);
			sourceTree = "<group>";
		};
		1EF81C731E68600900D4D524 /* Products */ = {
			isa = PBXGroup;
			children = (
				1EF81C721E68600900D4D524 /* RevolveCollection.app */,
			);
			name = Products;
			sourceTree = "<group>";
		};
		1EF81C741E68600900D4D524 /* RevolveCollection */ = {
			isa = PBXGroup;
			children = (
				1EF81C751E68600900D4D524 /* AppDelegate.swift */,
				1EF81C771E68600900D4D524 /* ViewController.swift */,
				1E4477A51E72FD2F00A71DCC /* LabelCell.swift */,
				1EF81C791E68600900D4D524 /* Main.storyboard */,
				1EF81C7C1E68600900D4D524 /* Assets.xcassets */,
				1EF81C7E1E68600900D4D524 /* LaunchScreen.storyboard */,
				1EF81C811E68600900D4D524 /* Info.plist */,
				1EF81C891E68706600D4D524 /* CollectionRevolver.swift */,
				1EF81C871E6862D000D4D524 /* RevolveCollectionView.swift */,
			);
			path = RevolveCollection;
			sourceTree = "<group>";
		};
/* End PBXGroup section */

/* Begin PBXNativeTarget section */
		1EF81C711E68600900D4D524 /* RevolveCollection */ = {
			isa = PBXNativeTarget;
			buildConfigurationList = 1EF81C841E68600900D4D524 /* Build configuration list for PBXNativeTarget "RevolveCollection" */;
			buildPhases = (
				1EF81C6E1E68600900D4D524 /* Sources */,
				1EF81C6F1E68600900D4D524 /* Frameworks */,
				1EF81C701E68600900D4D524 /* Resources */,
			);
			buildRules = (
			);
			dependencies = (
			);
			name = RevolveCollection;
			productName = RevolveCollection;
			productReference = 1EF81C721E68600900D4D524 /* RevolveCollection.app */;
			productType = "com.apple.product-type.application";
		};
/* End PBXNativeTarget section */

/* Begin PBXProject section */
		1EF81C6A1E68600900D4D524 /* Project object */ = {
			isa = PBXProject;
			attributes = {
				LastSwiftUpdateCheck = 0820;
				LastUpgradeCheck = 0820;
				ORGANIZATIONNAME = Learning;
				TargetAttributes = {
					1EF81C711E68600900D4D524 = {
						CreatedOnToolsVersion = 8.2.1;
						DevelopmentTeam = Z99T2HWAJ6;
						ProvisioningStyle = Automatic;
					};
				};
			};
			buildConfigurationList = 1EF81C6D1E68600900D4D524 /* Build configuration list for PBXProject "RevolveCollection" */;
			compatibilityVersion = "Xcode 3.2";
			developmentRegion = English;
			hasScannedForEncodings = 0;
			knownRegions = (
				en,
				Base,
			);
			mainGroup = 1EF81C691E68600900D4D524;
			productRefGroup = 1EF81C731E68600900D4D524 /* Products */;
			projectDirPath = "";
			projectRoot = "";
			targets = (
				1EF81C711E68600900D4D524 /* RevolveCollection */,
			);
		};
/* End PBXProject section */

/* Begin PBXResourcesBuildPhase section */
		1EF81C701E68600900D4D524 /* Resources */ = {
			isa = PBXResourcesBuildPhase;
			buildActionMask = 2147483647;
			files = (
				1EF81C801E68600900D4D524 /* LaunchScreen.storyboard in Resources */,
				1EF81C7D1E68600900D4D524 /* Assets.xcassets in Resources */,
				1EF81C7B1E68600900D4D524 /* Main.storyboard in Resources */,
			);
			runOnlyForDeploymentPostprocessing = 0;
		};
/* End PBXResourcesBuildPhase section */

/* Begin PBXSourcesBuildPhase section */
		1EF81C6E1E68600900D4D524 /* Sources */ = {
			isa = PBXSourcesBuildPhase;
			buildActionMask = 2147483647;
			files = (
				1EF81C781E68600900D4D524 /* ViewController.swift in Sources */,
				1EF81C881E6862D000D4D524 /* RevolveCollectionView.swift in Sources */,
				1EF81C8A1E68706600D4D524 /* CollectionRevolver.swift in Sources */,
				1E4477A61E72FD2F00A71DCC /* LabelCell.swift in Sources */,
				1EF81C761E68600900D4D524 /* AppDelegate.swift in Sources */,
			);
			runOnlyForDeploymentPostprocessing = 0;
		};
/* End PBXSourcesBuildPhase section */

/* Begin PBXVariantGroup section */
		1EF81C791E68600900D4D524 /* Main.storyboard */ = {
			isa = PBXVariantGroup;
			children = (
				1EF81C7A1E68600900D4D524 /* Base */,
			);
			name = Main.storyboard;
			sourceTree = "<group>";
		};
		1EF81C7E1E68600900D4D524 /* LaunchScreen.storyboard */ = {
			isa = PBXVariantGroup;
			children = (
				1EF81C7F1E68600900D4D524 /* Base */,
			);
			name = LaunchScreen.storyboard;
			sourceTree = "<group>";
		};
/* End PBXVariantGroup section */

/* Begin XCBuildConfiguration section */
		1EF81C821E68600900D4D524 /* Debug */ = {
			isa = XCBuildConfiguration;
			buildSettings = {
				ALWAYS_SEARCH_USER_PATHS = NO;
				CLANG_ANALYZER_NONNULL = YES;
				CLANG_CXX_LANGUAGE_STANDARD = "gnu++0x";
				CLANG_CXX_LIBRARY = "libc++";
				CLANG_ENABLE_MODULES = YES;
				CLANG_ENABLE_OBJC_ARC = YES;
				CLANG_WARN_BOOL_CONVERSION = YES;
				CLANG_WARN_CONSTANT_CONVERSION = YES;
				CLANG_WARN_DIRECT_OBJC_ISA_USAGE = YES_ERROR;
				CLANG_WARN_DOCUMENTATION_COMMENTS = YES;
				CLANG_WARN_EMPTY_BODY = YES;
				CLANG_WARN_ENUM_CONVERSION = YES;
				CLANG_WARN_INFINITE_RECURSION = YES;
				CLANG_WARN_INT_CONVERSION = YES;
				CLANG_WARN_OBJC_ROOT_CLASS = YES_ERROR;
				CLANG_WARN_SUSPICIOUS_MOVE = YES;
				CLANG_WARN_UNREACHABLE_CODE = YES;
				CLANG_WARN__DUPLICATE_METHOD_MATCH = YES;
				"CODE_SIGN_IDENTITY[sdk=iphoneos*]" = "iPhone Developer";
				COPY_PHASE_STRIP = NO;
				DEBUG_INFORMATION_FORMAT = dwarf;
				ENABLE_STRICT_OBJC_MSGSEND = YES;
				ENABLE_TESTABILITY = YES;
				GCC_C_LANGUAGE_STANDARD = gnu99;
				GCC_DYNAMIC_NO_PIC = NO;
				GCC_NO_COMMON_BLOCKS = YES;
				GCC_OPTIMIZATION_LEVEL = 0;
				GCC_PREPROCESSOR_DEFINITIONS = (
					"DEBUG=1",
					"$(inherited)",
				);
				GCC_WARN_64_TO_32_BIT_CONVERSION = YES;
				GCC_WARN_ABOUT_RETURN_TYPE = YES_ERROR;
				GCC_WARN_UNDECLARED_SELECTOR = YES;
				GCC_WARN_UNINITIALIZED_AUTOS = YES_AGGRESSIVE;
				GCC_WARN_UNUSED_FUNCTION = YES;
				GCC_WARN_UNUSED_VARIABLE = YES;
				IPHONEOS_DEPLOYMENT_TARGET = 10.2;
				MTL_ENABLE_DEBUG_INFO = YES;
				ONLY_ACTIVE_ARCH = YES;
				SDKROOT = iphoneos;
				SWIFT_ACTIVE_COMPILATION_CONDITIONS = DEBUG;
				SWIFT_OPTIMIZATION_LEVEL = "-Onone";
				TARGETED_DEVICE_FAMILY = "1,2";
			};
			name = Debug;
		};
		1EF81C831E68600900D4D524 /* Release */ = {
			isa = XCBuildConfiguration;
			buildSettings = {
				ALWAYS_SEARCH_USER_PATHS = NO;
				CLANG_ANALYZER_NONNULL = YES;
				CLANG_CXX_LANGUAGE_STANDARD = "gnu++0x";
				CLANG_CXX_LIBRARY = "libc++";
				CLANG_ENABLE_MODULES = YES;
				CLANG_ENABLE_OBJC_ARC = YES;
				CLANG_WARN_BOOL_CONVERSION = YES;
				CLANG_WARN_CONSTANT_CONVERSION = YES;
				CLANG_WARN_DIRECT_OBJC_ISA_USAGE = YES_ERROR;
				CLANG_WARN_DOCUMENTATION_COMMENTS = YES;
				CLANG_WARN_EMPTY_BODY = YES;
				CLANG_WARN_ENUM_CONVERSION = YES;
				CLANG_WARN_INFINITE_RECURSION = YES;
				CLANG_WARN_INT_CONVERSION = YES;
				CLANG_WARN_OBJC_ROOT_CLASS = YES_ERROR;
				CLANG_WARN_SUSPICIOUS_MOVE = YES;
				CLANG_WARN_UNREACHABLE_CODE = YES;
				CLANG_WARN__DUPLICATE_METHOD_MATCH = YES;
				"CODE_SIGN_IDENTITY[sdk=iphoneos*]" = "iPhone Developer";
				COPY_PHASE_STRIP = NO;
				DEBUG_INFORMATION_FORMAT = "dwarf-with-dsym";
				ENABLE_NS_ASSERTIONS = NO;
				ENABLE_STRICT_OBJC_MSGSEND = YES;
				GCC_C_LANGUAGE_STANDARD = gnu99;
				GCC_NO_COMMON_BLOCKS = YES;
				GCC_WARN_64_TO_32_BIT_CONVERSION = YES;
				GCC_WARN_ABOUT_RETURN_TYPE = YES_ERROR;
				GCC_WARN_UNDECLARED_SELECTOR = YES;
				GCC_WARN_UNINITIALIZED_AUTOS = YES_AGGRESSIVE;
				GCC_WARN_UNUSED_FUNCTION = YES;
				GCC_WARN_UNUSED_VARIABLE = YES;
				IPHONEOS_DEPLOYMENT_TARGET = 10.2;
				MTL_ENABLE_DEBUG_INFO = NO;
				SDKROOT = iphoneos;
				SWIFT_OPTIMIZATION_LEVEL = "-Owholemodule";
				TARGETED_DEVICE_FAMILY = "1,2";
				VALIDATE_PRODUCT = YES;
			};
			name = Release;
		};
		1EF81C851E68600900D4D524 /* Debug */ = {
			isa = XCBuildConfiguration;
			buildSettings = {
				ASSETCATALOG_COMPILER_APPICON_NAME = AppIcon;
				DEVELOPMENT_TEAM = Z99T2HWAJ6;
				INFOPLIST_FILE = RevolveCollection/Info.plist;
				LD_RUNPATH_SEARCH_PATHS = "$(inherited) @executable_path/Frameworks";
				PRODUCT_BUNDLE_IDENTIFIER = com.Learned.RevolveCollection;
				PRODUCT_NAME = "$(TARGET_NAME)";
				SWIFT_VERSION = 3.0;
			};
			name = Debug;
		};
		1EF81C861E68600900D4D524 /* Release */ = {
			isa = XCBuildConfiguration;
			buildSettings = {
				ASSETCATALOG_COMPILER_APPICON_NAME = AppIcon;
				DEVELOPMENT_TEAM = Z99T2HWAJ6;
				INFOPLIST_FILE = RevolveCollection/Info.plist;
				LD_RUNPATH_SEARCH_PATHS = "$(inherited) @executable_path/Frameworks";
				PRODUCT_BUNDLE_IDENTIFIER = com.Learned.RevolveCollection;
				PRODUCT_NAME = "$(TARGET_NAME)";
				SWIFT_VERSION = 3.0;
			};
			name = Release;
		};
/* End XCBuildConfiguration section */

/* Begin XCConfigurationList section */
		1EF81C6D1E68600900D4D524 /* Build configuration list for PBXProject "RevolveCollection" */ = {
			isa = XCConfigurationList;
			buildConfigurations = (
				1EF81C821E68600900D4D524 /* Debug */,
				1EF81C831E68600900D4D524 /* Release */,
			);
			defaultConfigurationIsVisible = 0;
			defaultConfigurationName = Release;
		};
		1EF81C841E68600900D4D524 /* Build configuration list for PBXNativeTarget "RevolveCollection" */ = {
			isa = XCConfigurationList;
			buildConfigurations = (
				1EF81C851E68600900D4D524 /* Debug */,
				1EF81C861E68600900D4D524 /* Release */,
			);
			defaultConfigurationIsVisible = 0;
			defaultConfigurationName = Release;
		};
/* End XCConfigurationList section */
	};
	rootObject = 1EF81C6A1E68600900D4D524 /* Project object */;
}
